// !$*UTF8*$!
{
	archiveVersion = 1;
	classes = {
	};
	objectVersion = 55;
	objects = {

/* Begin PBXBuildFile section */
		F503211B2860778100194C26 /* DetailViewController.swift in Sources */ = {isa = PBXBuildFile; fileRef = F503211A2860778100194C26 /* DetailViewController.swift */; };
		F503211E2860F73500194C26 /* WebKit.framework in Frameworks */ = {isa = PBXBuildFile; fileRef = F503211D2860F73500194C26 /* WebKit.framework */; };
		F522D5AC2860661D001BE4D2 /* VideoTableViewCell.swift in Sources */ = {isa = PBXBuildFile; fileRef = F522D5AB2860661D001BE4D2 /* VideoTableViewCell.swift */; };
		F54544AA28606FEB00525878 /* CacheManager.swift in Sources */ = {isa = PBXBuildFile; fileRef = F54544A928606FEB00525878 /* CacheManager.swift */; };
		F5E71B1B285F5D0B000B9A0C /* AppDelegate.swift in Sources */ = {isa = PBXBuildFile; fileRef = F5E71B1A285F5D0B000B9A0C /* AppDelegate.swift */; };
		F5E71B1D285F5D0B000B9A0C /* SceneDelegate.swift in Sources */ = {isa = PBXBuildFile; fileRef = F5E71B1C285F5D0B000B9A0C /* SceneDelegate.swift */; };
		F5E71B1F285F5D0B000B9A0C /* ViewController.swift in Sources */ = {isa = PBXBuildFile; fileRef = F5E71B1E285F5D0B000B9A0C /* ViewController.swift */; };
		F5E71B22285F5D0B000B9A0C /* Main.storyboard in Resources */ = {isa = PBXBuildFile; fileRef = F5E71B20285F5D0B000B9A0C /* Main.storyboard */; };
		F5E71B24285F5D0D000B9A0C /* Assets.xcassets in Resources */ = {isa = PBXBuildFile; fileRef = F5E71B23285F5D0D000B9A0C /* Assets.xcassets */; };
		F5E71B27285F5D0D000B9A0C /* LaunchScreen.storyboard in Resources */ = {isa = PBXBuildFile; fileRef = F5E71B25285F5D0D000B9A0C /* LaunchScreen.storyboard */; };
		F5E71B2F285F6947000B9A0C /* Constants.swift in Sources */ = {isa = PBXBuildFile; fileRef = F5E71B2E285F6947000B9A0C /* Constants.swift */; };
		F5E71B31285F6A9A000B9A0C /* Video.swift in Sources */ = {isa = PBXBuildFile; fileRef = F5E71B30285F6A9A000B9A0C /* Video.swift */; };
		F5E71B33285F6AD9000B9A0C /* Model.swift in Sources */ = {isa = PBXBuildFile; fileRef = F5E71B32285F6AD9000B9A0C /* Model.swift */; };
		F5E71B35285F7933000B9A0C /* Response.swift in Sources */ = {isa = PBXBuildFile; fileRef = F5E71B34285F7933000B9A0C /* Response.swift */; };
/* End PBXBuildFile section */

/* Begin PBXFileReference section */
		F503211A2860778100194C26 /* DetailViewController.swift */ = {isa = PBXFileReference; lastKnownFileType = sourcecode.swift; path = DetailViewController.swift; sourceTree = "<group>"; };
		F503211D2860F73500194C26 /* WebKit.framework */ = {isa = PBXFileReference; lastKnownFileType = wrapper.framework; name = WebKit.framework; path = System/Library/Frameworks/WebKit.framework; sourceTree = SDKROOT; };
		F522D5AB2860661D001BE4D2 /* VideoTableViewCell.swift */ = {isa = PBXFileReference; lastKnownFileType = sourcecode.swift; path = VideoTableViewCell.swift; sourceTree = "<group>"; };
		F54544A928606FEB00525878 /* CacheManager.swift */ = {isa = PBXFileReference; lastKnownFileType = sourcecode.swift; path = CacheManager.swift; sourceTree = "<group>"; };
		F5E71B17285F5D0B000B9A0C /* ios-youtube-app.app */ = {isa = PBXFileReference; explicitFileType = wrapper.application; includeInIndex = 0; path = "ios-youtube-app.app"; sourceTree = BUILT_PRODUCTS_DIR; };
		F5E71B1A285F5D0B000B9A0C /* AppDelegate.swift */ = {isa = PBXFileReference; lastKnownFileType = sourcecode.swift; path = AppDelegate.swift; sourceTree = "<group>"; };
		F5E71B1C285F5D0B000B9A0C /* SceneDelegate.swift */ = {isa = PBXFileReference; lastKnownFileType = sourcecode.swift; path = SceneDelegate.swift; sourceTree = "<group>"; };
		F5E71B1E285F5D0B000B9A0C /* ViewController.swift */ = {isa = PBXFileReference; lastKnownFileType = sourcecode.swift; path = ViewController.swift; sourceTree = "<group>"; };
		F5E71B21285F5D0B000B9A0C /* Base */ = {isa = PBXFileReference; lastKnownFileType = file.storyboard; name = Base; path = Base.lproj/Main.storyboard; sourceTree = "<group>"; };
		F5E71B23285F5D0D000B9A0C /* Assets.xcassets */ = {isa = PBXFileReference; lastKnownFileType = folder.assetcatalog; path = Assets.xcassets; sourceTree = "<group>"; };
		F5E71B26285F5D0D000B9A0C /* Base */ = {isa = PBXFileReference; lastKnownFileType = file.storyboard; name = Base; path = Base.lproj/LaunchScreen.storyboard; sourceTree = "<group>"; };
		F5E71B28285F5D0D000B9A0C /* Info.plist */ = {isa = PBXFileReference; lastKnownFileType = text.plist.xml; path = Info.plist; sourceTree = "<group>"; };
		F5E71B2E285F6947000B9A0C /* Constants.swift */ = {isa = PBXFileReference; lastKnownFileType = sourcecode.swift; path = Constants.swift; sourceTree = "<group>"; };
		F5E71B30285F6A9A000B9A0C /* Video.swift */ = {isa = PBXFileReference; lastKnownFileType = sourcecode.swift; path = Video.swift; sourceTree = "<group>"; };
		F5E71B32285F6AD9000B9A0C /* Model.swift */ = {isa = PBXFileReference; lastKnownFileType = sourcecode.swift; path = Model.swift; sourceTree = "<group>"; };
		F5E71B34285F7933000B9A0C /* Response.swift */ = {isa = PBXFileReference; lastKnownFileType = sourcecode.swift; path = Response.swift; sourceTree = "<group>"; };
/* End PBXFileReference section */

/* Begin PBXFrameworksBuildPhase section */
		F5E71B14285F5D0B000B9A0C /* Frameworks */ = {
			isa = PBXFrameworksBuildPhase;
			buildActionMask = 2147483647;
			files = (
				F503211E2860F73500194C26 /* WebKit.framework in Frameworks */,
			);
			runOnlyForDeploymentPostprocessing = 0;
		};
/* End PBXFrameworksBuildPhase section */

/* Begin PBXGroup section */
		F503211C2860F73500194C26 /* Frameworks */ = {
			isa = PBXGroup;
			children = (
				F503211D2860F73500194C26 /* WebKit.framework */,
			);
			name = Frameworks;
			sourceTree = "<group>";
		};
		F522D5AD28606637001BE4D2 /* View Controllers */ = {
			isa = PBXGroup;
			children = (
				F5E71B1E285F5D0B000B9A0C /* ViewController.swift */,
				F503211A2860778100194C26 /* DetailViewController.swift */,
			);
			path = "View Controllers";
			sourceTree = "<group>";
		};
		F522D5AE28606648001BE4D2 /* Views */ = {
			isa = PBXGroup;
			children = (
				F522D5AB2860661D001BE4D2 /* VideoTableViewCell.swift */,
			);
			path = Views;
			sourceTree = "<group>";
		};
		F522D5AF2860664F001BE4D2 /* Models */ = {
			isa = PBXGroup;
			children = (
				F5E71B30285F6A9A000B9A0C /* Video.swift */,
				F5E71B32285F6AD9000B9A0C /* Model.swift */,
				F5E71B34285F7933000B9A0C /* Response.swift */,
			);
			path = Models;
			sourceTree = "<group>";
		};
		F522D5B028606654001BE4D2 /* Storyboards */ = {
			isa = PBXGroup;
			children = (
				F5E71B20285F5D0B000B9A0C /* Main.storyboard */,
				F5E71B25285F5D0D000B9A0C /* LaunchScreen.storyboard */,
			);
			path = Storyboards;
			sourceTree = "<group>";
		};
		F522D5B12860665D001BE4D2 /* Helpers */ = {
			isa = PBXGroup;
			children = (
				F5E71B2E285F6947000B9A0C /* Constants.swift */,
				F54544A928606FEB00525878 /* CacheManager.swift */,
			);
			path = Helpers;
			sourceTree = "<group>";
		};
		F5E71B0E285F5D0B000B9A0C = {
			isa = PBXGroup;
			children = (
				F5E71B19285F5D0B000B9A0C /* ios-youtube-app */,
				F5E71B18285F5D0B000B9A0C /* Products */,
				F503211C2860F73500194C26 /* Frameworks */,
			);
			sourceTree = "<group>";
		};
		F5E71B18285F5D0B000B9A0C /* Products */ = {
			isa = PBXGroup;
			children = (
				F5E71B17285F5D0B000B9A0C /* ios-youtube-app.app */,
			);
			name = Products;
			sourceTree = "<group>";
		};
		F5E71B19285F5D0B000B9A0C /* ios-youtube-app */ = {
			isa = PBXGroup;
			children = (
				F5E71B1A285F5D0B000B9A0C /* AppDelegate.swift */,
				F5E71B1C285F5D0B000B9A0C /* SceneDelegate.swift */,
				F522D5B12860665D001BE4D2 /* Helpers */,
				F522D5B028606654001BE4D2 /* Storyboards */,
				F522D5AF2860664F001BE4D2 /* Models */,
				F522D5AE28606648001BE4D2 /* Views */,
				F522D5AD28606637001BE4D2 /* View Controllers */,
				F5E71B23285F5D0D000B9A0C /* Assets.xcassets */,
				F5E71B28285F5D0D000B9A0C /* Info.plist */,
			);
			path = "ios-youtube-app";
			sourceTree = "<group>";
		};
/* End PBXGroup section */

/* Begin PBXNativeTarget section */
		F5E71B16285F5D0B000B9A0C /* ios-youtube-app */ = {
			isa = PBXNativeTarget;
			buildConfigurationList = F5E71B2B285F5D0D000B9A0C /* Build configuration list for PBXNativeTarget "ios-youtube-app" */;
			buildPhases = (
				F5E71B13285F5D0B000B9A0C /* Sources */,
				F5E71B14285F5D0B000B9A0C /* Frameworks */,
				F5E71B15285F5D0B000B9A0C /* Resources */,
			);
			buildRules = (
			);
			dependencies = (
			);
			name = "ios-youtube-app";
			productName = "ios-youtube-app";
			productReference = F5E71B17285F5D0B000B9A0C /* ios-youtube-app.app */;
			productType = "com.apple.product-type.application";
		};
/* End PBXNativeTarget section */

/* Begin PBXProject section */
		F5E71B0F285F5D0B000B9A0C /* Project object */ = {
			isa = PBXProject;
			attributes = {
				BuildIndependentTargetsInParallel = 1;
				LastSwiftUpdateCheck = 1340;
				LastUpgradeCheck = 1340;
				TargetAttributes = {
					F5E71B16285F5D0B000B9A0C = {
						CreatedOnToolsVersion = 13.4.1;
					};
				};
			};
			buildConfigurationList = F5E71B12285F5D0B000B9A0C /* Build configuration list for PBXProject "ios-youtube-app" */;
			compatibilityVersion = "Xcode 13.0";
			developmentRegion = en;
			hasScannedForEncodings = 0;
			knownRegions = (
				en,
				Base,
			);
			mainGroup = F5E71B0E285F5D0B000B9A0C;
			productRefGroup = F5E71B18285F5D0B000B9A0C /* Products */;
			projectDirPath = "";
			projectRoot = "";
			targets = (
				F5E71B16285F5D0B000B9A0C /* ios-youtube-app */,
			);
		};
/* End PBXProject section */

/* Begin PBXResourcesBuildPhase section */
		F5E71B15285F5D0B000B9A0C /* Resources */ = {
			isa = PBXResourcesBuildPhase;
			buildActionMask = 2147483647;
			files = (
				F5E71B27285F5D0D000B9A0C /* LaunchScreen.storyboard in Resources */,
				F5E71B24285F5D0D000B9A0C /* Assets.xcassets in Resources */,
				F5E71B22285F5D0B000B9A0C /* Main.storyboard in Resources */,
			);
			runOnlyForDeploymentPostprocessing = 0;
		};
/* End PBXResourcesBuildPhase section */

/* Begin PBXSourcesBuildPhase section */
		F5E71B13285F5D0B000B9A0C /* Sources */ = {
			isa = PBXSourcesBuildPhase;
			buildActionMask = 2147483647;
			files = (
				F5E71B1F285F5D0B000B9A0C /* ViewController.swift in Sources */,
				F54544AA28606FEB00525878 /* CacheManager.swift in Sources */,
				F5E71B1B285F5D0B000B9A0C /* AppDelegate.swift in Sources */,
				F5E71B1D285F5D0B000B9A0C /* SceneDelegate.swift in Sources */,
				F5E71B33285F6AD9000B9A0C /* Model.swift in Sources */,
				F5E71B2F285F6947000B9A0C /* Constants.swift in Sources */,
				F522D5AC2860661D001BE4D2 /* VideoTableViewCell.swift in Sources */,
				F503211B2860778100194C26 /* DetailViewController.swift in Sources */,
				F5E71B31285F6A9A000B9A0C /* Video.swift in Sources */,
				F5E71B35285F7933000B9A0C /* Response.swift in Sources */,
			);
			runOnlyForDeploymentPostprocessing = 0;
		};
/* End PBXSourcesBuildPhase section */

/* Begin PBXVariantGroup section */
		F5E71B20285F5D0B000B9A0C /* Main.storyboard */ = {
			isa = PBXVariantGroup;
			children = (
				F5E71B21285F5D0B000B9A0C /* Base */,
			);
			name = Main.storyboard;
			sourceTree = "<group>";
		};
		F5E71B25285F5D0D000B9A0C /* LaunchScreen.storyboard */ = {
			isa = PBXVariantGroup;
			children = (
				F5E71B26285F5D0D000B9A0C /* Base */,
			);
			name = LaunchScreen.storyboard;
			sourceTree = "<group>";
		};
/* End PBXVariantGroup section */

/* Begin XCBuildConfiguration section */
		F5E71B29285F5D0D000B9A0C /* Debug */ = {
			isa = XCBuildConfiguration;
			buildSettings = {
				ALWAYS_SEARCH_USER_PATHS = NO;
				CLANG_ANALYZER_NONNULL = YES;
				CLANG_ANALYZER_NUMBER_OBJECT_CONVERSION = YES_AGGRESSIVE;
				CLANG_CXX_LANGUAGE_STANDARD = "gnu++17";
				CLANG_ENABLE_MODULES = YES;
				CLANG_ENABLE_OBJC_ARC = YES;
				CLANG_ENABLE_OBJC_WEAK = YES;
				CLANG_WARN_BLOCK_CAPTURE_AUTORELEASING = YES;
				CLANG_WARN_BOOL_CONVERSION = YES;
				CLANG_WARN_COMMA = YES;
				CLANG_WARN_CONSTANT_CONVERSION = YES;
				CLANG_WARN_DEPRECATED_OBJC_IMPLEMENTATIONS = YES;
				CLANG_WARN_DIRECT_OBJC_ISA_USAGE = YES_ERROR;
				CLANG_WARN_DOCUMENTATION_COMMENTS = YES;
				CLANG_WARN_EMPTY_BODY = YES;
				CLANG_WARN_ENUM_CONVERSION = YES;
				CLANG_WARN_INFINITE_RECURSION = YES;
				CLANG_WARN_INT_CONVERSION = YES;
				CLANG_WARN_NON_LITERAL_NULL_CONVERSION = YES;
				CLANG_WARN_OBJC_IMPLICIT_RETAIN_SELF = YES;
				CLANG_WARN_OBJC_LITERAL_CONVERSION = YES;
				CLANG_WARN_OBJC_ROOT_CLASS = YES_ERROR;
				CLANG_WARN_QUOTED_INCLUDE_IN_FRAMEWORK_HEADER = YES;
				CLANG_WARN_RANGE_LOOP_ANALYSIS = YES;
				CLANG_WARN_STRICT_PROTOTYPES = YES;
				CLANG_WARN_SUSPICIOUS_MOVE = YES;
				CLANG_WARN_UNGUARDED_AVAILABILITY = YES_AGGRESSIVE;
				CLANG_WARN_UNREACHABLE_CODE = YES;
				CLANG_WARN__DUPLICATE_METHOD_MATCH = YES;
				COPY_PHASE_STRIP = NO;
				DEBUG_INFORMATION_FORMAT = dwarf;
				ENABLE_STRICT_OBJC_MSGSEND = YES;
				ENABLE_TESTABILITY = YES;
				GCC_C_LANGUAGE_STANDARD = gnu11;
				GCC_DYNAMIC_NO_PIC = NO;
				GCC_NO_COMMON_BLOCKS = YES;
				GCC_OPTIMIZATION_LEVEL = 0;
				GCC_PREPROCESSOR_DEFINITIONS = (
					"DEBUG=1",
					"$(inherited)",
				);
				GCC_WARN_64_TO_32_BIT_CONVERSION = YES;
				GCC_WARN_ABOUT_RETURN_TYPE = YES_ERROR;
				GCC_WARN_UNDECLARED_SELECTOR = YES;
				GCC_WARN_UNINITIALIZED_AUTOS = YES_AGGRESSIVE;
				GCC_WARN_UNUSED_FUNCTION = YES;
				GCC_WARN_UNUSED_VARIABLE = YES;
				IPHONEOS_DEPLOYMENT_TARGET = 15.5;
				MTL_ENABLE_DEBUG_INFO = INCLUDE_SOURCE;
				MTL_FAST_MATH = YES;
				ONLY_ACTIVE_ARCH = YES;
				SDKROOT = iphoneos;
				SWIFT_ACTIVE_COMPILATION_CONDITIONS = DEBUG;
				SWIFT_OPTIMIZATION_LEVEL = "-Onone";
			};
			name = Debug;
		};
		F5E71B2A285F5D0D000B9A0C /* Release */ = {
			isa = XCBuildConfiguration;
			buildSettings = {
				ALWAYS_SEARCH_USER_PATHS = NO;
				CLANG_ANALYZER_NONNULL = YES;
				CLANG_ANALYZER_NUMBER_OBJECT_CONVERSION = YES_AGGRESSIVE;
				CLANG_CXX_LANGUAGE_STANDARD = "gnu++17";
				CLANG_ENABLE_MODULES = YES;
				CLANG_ENABLE_OBJC_ARC = YES;
				CLANG_ENABLE_OBJC_WEAK = YES;
				CLANG_WARN_BLOCK_CAPTURE_AUTORELEASING = YES;
				CLANG_WARN_BOOL_CONVERSION = YES;
				CLANG_WARN_COMMA = YES;
				CLANG_WARN_CONSTANT_CONVERSION = YES;
				CLANG_WARN_DEPRECATED_OBJC_IMPLEMENTATIONS = YES;
				CLANG_WARN_DIRECT_OBJC_ISA_USAGE = YES_ERROR;
				CLANG_WARN_DOCUMENTATION_COMMENTS = YES;
				CLANG_WARN_EMPTY_BODY = YES;
				CLANG_WARN_ENUM_CONVERSION = YES;
				CLANG_WARN_INFINITE_RECURSION = YES;
				CLANG_WARN_INT_CONVERSION = YES;
				CLANG_WARN_NON_LITERAL_NULL_CONVERSION = YES;
				CLANG_WARN_OBJC_IMPLICIT_RETAIN_SELF = YES;
				CLANG_WARN_OBJC_LITERAL_CONVERSION = YES;
				CLANG_WARN_OBJC_ROOT_CLASS = YES_ERROR;
				CLANG_WARN_QUOTED_INCLUDE_IN_FRAMEWORK_HEADER = YES;
				CLANG_WARN_RANGE_LOOP_ANALYSIS = YES;
				CLANG_WARN_STRICT_PROTOTYPES = YES;
				CLANG_WARN_SUSPICIOUS_MOVE = YES;
				CLANG_WARN_UNGUARDED_AVAILABILITY = YES_AGGRESSIVE;
				CLANG_WARN_UNREACHABLE_CODE = YES;
				CLANG_WARN__DUPLICATE_METHOD_MATCH = YES;
				COPY_PHASE_STRIP = NO;
				DEBUG_INFORMATION_FORMAT = "dwarf-with-dsym";
				ENABLE_NS_ASSERTIONS = NO;
				ENABLE_STRICT_OBJC_MSGSEND = YES;
				GCC_C_LANGUAGE_STANDARD = gnu11;
				GCC_NO_COMMON_BLOCKS = YES;
				GCC_WARN_64_TO_32_BIT_CONVERSION = YES;
				GCC_WARN_ABOUT_RETURN_TYPE = YES_ERROR;
				GCC_WARN_UNDECLARED_SELECTOR = YES;
				GCC_WARN_UNINITIALIZED_AUTOS = YES_AGGRESSIVE;
				GCC_WARN_UNUSED_FUNCTION = YES;
				GCC_WARN_UNUSED_VARIABLE = YES;
				IPHONEOS_DEPLOYMENT_TARGET = 15.5;
				MTL_ENABLE_DEBUG_INFO = NO;
				MTL_FAST_MATH = YES;
				SDKROOT = iphoneos;
				SWIFT_COMPILATION_MODE = wholemodule;
				SWIFT_OPTIMIZATION_LEVEL = "-O";
				VALIDATE_PRODUCT = YES;
			};
			name = Release;
		};
		F5E71B2C285F5D0D000B9A0C /* Debug */ = {
			isa = XCBuildConfiguration;
			buildSettings = {
				ASSETCATALOG_COMPILER_APPICON_NAME = AppIcon;
				ASSETCATALOG_COMPILER_GLOBAL_ACCENT_COLOR_NAME = AccentColor;
				CODE_SIGN_STYLE = Automatic;
				CURRENT_PROJECT_VERSION = 1;
				DEVELOPMENT_TEAM = 9K62WKNJMY;
				GENERATE_INFOPLIST_FILE = YES;
				INFOPLIST_FILE = "ios-youtube-app/Info.plist";
				INFOPLIST_KEY_UIApplicationSupportsIndirectInputEvents = YES;
				INFOPLIST_KEY_UILaunchStoryboardName = LaunchScreen;
				INFOPLIST_KEY_UIMainStoryboardFile = Main;
				INFOPLIST_KEY_UISupportedInterfaceOrientations_iPad = "UIInterfaceOrientationPortrait UIInterfaceOrientationPortraitUpsideDown UIInterfaceOrientationLandscapeLeft UIInterfaceOrientationLandscapeRight";
				INFOPLIST_KEY_UISupportedInterfaceOrientations_iPhone = "UIInterfaceOrientationPortrait UIInterfaceOrientationLandscapeLeft UIInterfaceOrientationLandscapeRight";
				LD_RUNPATH_SEARCH_PATHS = (
					"$(inherited)",
					"@executable_path/Frameworks",
				);
				MARKETING_VERSION = 1.0;
				PRODUCT_BUNDLE_IDENTIFIER = "com.murerwa.ios-youtube-app";
				PRODUCT_NAME = "$(TARGET_NAME)";
				SWIFT_EMIT_LOC_STRINGS = YES;
				SWIFT_VERSION = 5.0;
				TARGETED_DEVICE_FAMILY = "1,2";
			};
			name = Debug;
		};
		F5E71B2D285F5D0D000B9A0C /* Release */ = {
			isa = XCBuildConfiguration;
			buildSettings = {
				ASSETCATALOG_COMPILER_APPICON_NAME = AppIcon;
				ASSETCATALOG_COMPILER_GLOBAL_ACCENT_COLOR_NAME = AccentColor;
				CODE_SIGN_STYLE = Automatic;
				CURRENT_PROJECT_VERSION = 1;
				DEVELOPMENT_TEAM = 9K62WKNJMY;
				GENERATE_INFOPLIST_FILE = YES;
				INFOPLIST_FILE = "ios-youtube-app/Info.plist";
				INFOPLIST_KEY_UIApplicationSupportsIndirectInputEvents = YES;
				INFOPLIST_KEY_UILaunchStoryboardName = LaunchScreen;
				INFOPLIST_KEY_UIMainStoryboardFile = Main;
				INFOPLIST_KEY_UISupportedInterfaceOrientations_iPad = "UIInterfaceOrientationPortrait UIInterfaceOrientationPortraitUpsideDown UIInterfaceOrientationLandscapeLeft UIInterfaceOrientationLandscapeRight";
				INFOPLIST_KEY_UISupportedInterfaceOrientations_iPhone = "UIInterfaceOrientationPortrait UIInterfaceOrientationLandscapeLeft UIInterfaceOrientationLandscapeRight";
				LD_RUNPATH_SEARCH_PATHS = (
					"$(inherited)",
					"@executable_path/Frameworks",
				);
				MARKETING_VERSION = 1.0;
				PRODUCT_BUNDLE_IDENTIFIER = "com.murerwa.ios-youtube-app";
				PRODUCT_NAME = "$(TARGET_NAME)";
				SWIFT_EMIT_LOC_STRINGS = YES;
				SWIFT_VERSION = 5.0;
				TARGETED_DEVICE_FAMILY = "1,2";
			};
			name = Release;
		};
/* End XCBuildConfiguration section */

/* Begin XCConfigurationList section */
		F5E71B12285F5D0B000B9A0C /* Build configuration list for PBXProject "ios-youtube-app" */ = {
			isa = XCConfigurationList;
			buildConfigurations = (
				F5E71B29285F5D0D000B9A0C /* Debug */,
				F5E71B2A285F5D0D000B9A0C /* Release */,
			);
			defaultConfigurationIsVisible = 0;
			defaultConfigurationName = Release;
		};
		F5E71B2B285F5D0D000B9A0C /* Build configuration list for PBXNativeTarget "ios-youtube-app" */ = {
			isa = XCConfigurationList;
			buildConfigurations = (
				F5E71B2C285F5D0D000B9A0C /* Debug */,
				F5E71B2D285F5D0D000B9A0C /* Release */,
			);
			defaultConfigurationIsVisible = 0;
			defaultConfigurationName = Release;
		};
/* End XCConfigurationList section */
	};
	rootObject = F5E71B0F285F5D0B000B9A0C /* Project object */;
}
